
Microsoft Visual Studio Solution File, Format Version 12.00
# Visual Studio Version 16
VisualStudioVersion = 16.0.30503.244
MinimumVisualStudioVersion = 10.0.40219.1
Project("{FAE04EC0-301F-11D3-BF4B-00C04F79EFBC}") = "KulikCSLevel3", "KulikCSLevel3\KulikCSLevel3.csproj", "{88A6AF2A-8E36-4245-A523-5D7FBB7274CE}"
EndProject
Project("{2150E333-8FDC-42A3-9474-1A3956D46DE8}") = "Tests", "Tests", "{7D02EE65-3C51-412D-8503-C13B218AF33D}"
EndProject
Project("{FAE04EC0-301F-11D3-BF4B-00C04F79EFBC}") = "ConsoleTests", "Tests\ConsoleTests\ConsoleTests.csproj", "{4473340D-1B65-4228-90D3-AB7EA0759CC2}"
EndProject
Global
	GlobalSection(SolutionConfigurationPlatforms) = preSolution
		Debug|Any CPU = Debug|Any CPU
		Release|Any CPU = Release|Any CPU
	EndGlobalSection
	GlobalSection(ProjectConfigurationPlatforms) = postSolution
		{88A6AF2A-8E36-4245-A523-5D7FBB7274CE}.Debug|Any CPU.ActiveCfg = Debug|Any CPU
		{88A6AF2A-8E36-4245-A523-5D7FBB7274CE}.Debug|Any CPU.Build.0 = Debug|Any CPU
		{88A6AF2A-8E36-4245-A523-5D7FBB7274CE}.Release|Any CPU.ActiveCfg = Release|Any CPU
		{88A6AF2A-8E36-4245-A523-5D7FBB7274CE}.Release|Any CPU.Build.0 = Release|Any CPU
		{4473340D-1B65-4228-90D3-AB7EA0759CC2}.Debug|Any CPU.ActiveCfg = Debug|Any CPU
		{4473340D-1B65-4228-90D3-AB7EA0759CC2}.Debug|Any CPU.Build.0 = Debug|Any CPU
		{4473340D-1B65-4228-90D3-AB7EA0759CC2}.Release|Any CPU.ActiveCfg = Release|Any CPU
		{4473340D-1B65-4228-90D3-AB7EA0759CC2}.Release|Any CPU.Build.0 = Release|Any CPU
	EndGlobalSection
	GlobalSection(SolutionProperties) = preSolution
		HideSolutionNode = FALSE
	EndGlobalSection
	GlobalSection(NestedProjects) = preSolution
		{4473340D-1B65-4228-90D3-AB7EA0759CC2} = {7D02EE65-3C51-412D-8503-C13B218AF33D}
	EndGlobalSection
	GlobalSection(ExtensibilityGlobals) = postSolution
		SolutionGuid = {86CA4D71-ED38-4ECB-A3CB-6E753620F83C}
	EndGlobalSection
EndGlobal
