
Microsoft Visual Studio Solution File, Format Version 12.00
# Visual Studio Version 16
VisualStudioVersion = 16.0.30503.244
MinimumVisualStudioVersion = 10.0.40219.1
Project("{FAE04EC0-301F-11D3-BF4B-00C04F79EFBC}") = "KulikCSLevel3", "KulikCSLevel3\KulikCSLevel3.csproj", "{88A6AF2A-8E36-4245-A523-5D7FBB7274CE}"
EndProject
Global
	GlobalSection(SolutionConfigurationPlatforms) = preSolution
		Debug|Any CPU = Debug|Any CPU
		Release|Any CPU = Release|Any CPU
	EndGlobalSection
	GlobalSection(ProjectConfigurationPlatforms) = postSolution
		{88A6AF2A-8E36-4245-A523-5D7FBB7274CE}.Debug|Any CPU.ActiveCfg = Debug|Any CPU
		{88A6AF2A-8E36-4245-A523-5D7FBB7274CE}.Debug|Any CPU.Build.0 = Debug|Any CPU
		{88A6AF2A-8E36-4245-A523-5D7FBB7274CE}.Release|Any CPU.ActiveCfg = Release|Any CPU
		{88A6AF2A-8E36-4245-A523-5D7FBB7274CE}.Release|Any CPU.Build.0 = Release|Any CPU
	EndGlobalSection
	GlobalSection(SolutionProperties) = preSolution
		HideSolutionNode = FALSE
	EndGlobalSection
	GlobalSection(ExtensibilityGlobals) = postSolution
		SolutionGuid = {86CA4D71-ED38-4ECB-A3CB-6E753620F83C}
	EndGlobalSection
EndGlobal
