
Microsoft Visual Studio Solution File, Format Version 12.00
# Visual Studio Version 16
VisualStudioVersion = 16.0.30503.244
MinimumVisualStudioVersion = 10.0.40219.1
Project("{2150E333-8FDC-42A3-9474-1A3956D46DE8}") = "Tests", "Tests", "{7D02EE65-3C51-412D-8503-C13B218AF33D}"
EndProject
Project("{FAE04EC0-301F-11D3-BF4B-00C04F79EFBC}") = "ConsoleTests", "Tests\ConsoleTests\ConsoleTests.csproj", "{4473340D-1B65-4228-90D3-AB7EA0759CC2}"
EndProject
Project("{FAE04EC0-301F-11D3-BF4B-00C04F79EFBC}") = "WPFTests", "Tests\WPFTests\WPFTests.csproj", "{E97F5308-911D-4F8B-828A-146AE19DDF2A}"
EndProject
Project("{9A19103F-16F7-4668-BE54-9A1E7A4F7556}") = "MailSender.lib", "MailSender.lib\MailSender.lib.csproj", "{8DCB2429-1809-43DF-82F9-50A99D01AA20}"
EndProject
Project("{9A19103F-16F7-4668-BE54-9A1E7A4F7556}") = "KulikCSLevel3", "KulikCSLevel3\KulikCSLevel3.csproj", "{A15B7C88-C30D-42B3-8716-8A7006147C52}"
EndProject
Project("{9A19103F-16F7-4668-BE54-9A1E7A4F7556}") = "MailSender.lib.Tests", "Tests\MailSender.lib.Tests\MailSender.lib.Tests.csproj", "{E9F5CC4A-7742-4593-B51D-E429942E61BC}"
EndProject
Project("{FAE04EC0-301F-11D3-BF4B-00C04F79EFBC}") = "ConsoleTestsCore", "ConsoleTestsCore\ConsoleTestsCore.csproj", "{2631224A-608B-4A5F-A884-A76DC28C98ED}"
EndProject
Global
	GlobalSection(SolutionConfigurationPlatforms) = preSolution
		Debug|Any CPU = Debug|Any CPU
		DebugConsole|Any CPU = DebugConsole|Any CPU
		Release|Any CPU = Release|Any CPU
	EndGlobalSection
	GlobalSection(ProjectConfigurationPlatforms) = postSolution
		{4473340D-1B65-4228-90D3-AB7EA0759CC2}.Debug|Any CPU.ActiveCfg = Debug|Any CPU
		{4473340D-1B65-4228-90D3-AB7EA0759CC2}.DebugConsole|Any CPU.ActiveCfg = DebugConsole|Any CPU
		{4473340D-1B65-4228-90D3-AB7EA0759CC2}.DebugConsole|Any CPU.Build.0 = DebugConsole|Any CPU
		{4473340D-1B65-4228-90D3-AB7EA0759CC2}.Release|Any CPU.ActiveCfg = Release|Any CPU
		{4473340D-1B65-4228-90D3-AB7EA0759CC2}.Release|Any CPU.Build.0 = Release|Any CPU
		{E97F5308-911D-4F8B-828A-146AE19DDF2A}.Debug|Any CPU.ActiveCfg = Debug|Any CPU
		{E97F5308-911D-4F8B-828A-146AE19DDF2A}.DebugConsole|Any CPU.ActiveCfg = DebugConsole|Any CPU
		{E97F5308-911D-4F8B-828A-146AE19DDF2A}.Release|Any CPU.ActiveCfg = Release|Any CPU
		{E97F5308-911D-4F8B-828A-146AE19DDF2A}.Release|Any CPU.Build.0 = Release|Any CPU
		{8DCB2429-1809-43DF-82F9-50A99D01AA20}.Debug|Any CPU.ActiveCfg = Debug|Any CPU
		{8DCB2429-1809-43DF-82F9-50A99D01AA20}.Debug|Any CPU.Build.0 = Debug|Any CPU
		{8DCB2429-1809-43DF-82F9-50A99D01AA20}.DebugConsole|Any CPU.ActiveCfg = DebugConsole|Any CPU
		{8DCB2429-1809-43DF-82F9-50A99D01AA20}.Release|Any CPU.ActiveCfg = Release|Any CPU
		{8DCB2429-1809-43DF-82F9-50A99D01AA20}.Release|Any CPU.Build.0 = Release|Any CPU
		{A15B7C88-C30D-42B3-8716-8A7006147C52}.Debug|Any CPU.ActiveCfg = Debug|Any CPU
		{A15B7C88-C30D-42B3-8716-8A7006147C52}.Debug|Any CPU.Build.0 = Debug|Any CPU
		{A15B7C88-C30D-42B3-8716-8A7006147C52}.DebugConsole|Any CPU.ActiveCfg = DebugConsole|Any CPU
		{A15B7C88-C30D-42B3-8716-8A7006147C52}.Release|Any CPU.ActiveCfg = Release|Any CPU
		{A15B7C88-C30D-42B3-8716-8A7006147C52}.Release|Any CPU.Build.0 = Release|Any CPU
		{E9F5CC4A-7742-4593-B51D-E429942E61BC}.Debug|Any CPU.ActiveCfg = Debug|Any CPU
		{E9F5CC4A-7742-4593-B51D-E429942E61BC}.Debug|Any CPU.Build.0 = Debug|Any CPU
		{E9F5CC4A-7742-4593-B51D-E429942E61BC}.DebugConsole|Any CPU.ActiveCfg = DebugConsole|Any CPU
		{E9F5CC4A-7742-4593-B51D-E429942E61BC}.Release|Any CPU.ActiveCfg = Release|Any CPU
		{E9F5CC4A-7742-4593-B51D-E429942E61BC}.Release|Any CPU.Build.0 = Release|Any CPU
		{2631224A-608B-4A5F-A884-A76DC28C98ED}.Debug|Any CPU.ActiveCfg = Debug|Any CPU
		{2631224A-608B-4A5F-A884-A76DC28C98ED}.Debug|Any CPU.Build.0 = Debug|Any CPU
		{2631224A-608B-4A5F-A884-A76DC28C98ED}.DebugConsole|Any CPU.ActiveCfg = Debug|Any CPU
		{2631224A-608B-4A5F-A884-A76DC28C98ED}.DebugConsole|Any CPU.Build.0 = Debug|Any CPU
		{2631224A-608B-4A5F-A884-A76DC28C98ED}.Release|Any CPU.ActiveCfg = Release|Any CPU
		{2631224A-608B-4A5F-A884-A76DC28C98ED}.Release|Any CPU.Build.0 = Release|Any CPU
	EndGlobalSection
	GlobalSection(SolutionProperties) = preSolution
		HideSolutionNode = FALSE
	EndGlobalSection
	GlobalSection(NestedProjects) = preSolution
		{4473340D-1B65-4228-90D3-AB7EA0759CC2} = {7D02EE65-3C51-412D-8503-C13B218AF33D}
		{E97F5308-911D-4F8B-828A-146AE19DDF2A} = {7D02EE65-3C51-412D-8503-C13B218AF33D}
		{E9F5CC4A-7742-4593-B51D-E429942E61BC} = {7D02EE65-3C51-412D-8503-C13B218AF33D}
		{2631224A-608B-4A5F-A884-A76DC28C98ED} = {7D02EE65-3C51-412D-8503-C13B218AF33D}
	EndGlobalSection
	GlobalSection(ExtensibilityGlobals) = postSolution
		SolutionGuid = {86CA4D71-ED38-4ECB-A3CB-6E753620F83C}
	EndGlobalSection
EndGlobal
